
Microsoft Visual Studio Solution File, Format Version 12.00
# Visual Studio 15
VisualStudioVersion = 15.0.28307.705
MinimumVisualStudioVersion = 10.0.40219.1
Project("{FAE04EC0-301F-11D3-BF4B-00C04F79EFBC}") = "CoreOnlineShop", "CoreOnlineShop\CoreOnlineShop.csproj", "{2D58A893-8031-45F1-99DE-F51D3B3D8312}"
EndProject
Project("{FAE04EC0-301F-11D3-BF4B-00C04F79EFBC}") = "ShopDomain", "ShopDomain\ShopDomain.csproj", "{F929D710-17A4-4A55-B7CA-5376C436033D}"
EndProject
Project("{FAE04EC0-301F-11D3-BF4B-00C04F79EFBC}") = "Shop.Application", "ShopApplication\Shop.Application.csproj", "{570EA108-33BF-4DA1-B41A-3AA608AC618F}"
EndProject
Project("{FAE04EC0-301F-11D3-BF4B-00C04F79EFBC}") = "Shop.Database", "Shop.Database\Shop.Database.csproj", "{4461ABFB-F636-4588-BADA-7DA0A81FB23E}"
EndProject
Global
	GlobalSection(SolutionConfigurationPlatforms) = preSolution
		Debug|Any CPU = Debug|Any CPU
		Release|Any CPU = Release|Any CPU
	EndGlobalSection
	GlobalSection(ProjectConfigurationPlatforms) = postSolution
		{2D58A893-8031-45F1-99DE-F51D3B3D8312}.Debug|Any CPU.ActiveCfg = Debug|Any CPU
		{2D58A893-8031-45F1-99DE-F51D3B3D8312}.Debug|Any CPU.Build.0 = Debug|Any CPU
		{2D58A893-8031-45F1-99DE-F51D3B3D8312}.Release|Any CPU.ActiveCfg = Release|Any CPU
		{2D58A893-8031-45F1-99DE-F51D3B3D8312}.Release|Any CPU.Build.0 = Release|Any CPU
		{F929D710-17A4-4A55-B7CA-5376C436033D}.Debug|Any CPU.ActiveCfg = Debug|Any CPU
		{F929D710-17A4-4A55-B7CA-5376C436033D}.Debug|Any CPU.Build.0 = Debug|Any CPU
		{F929D710-17A4-4A55-B7CA-5376C436033D}.Release|Any CPU.ActiveCfg = Release|Any CPU
		{F929D710-17A4-4A55-B7CA-5376C436033D}.Release|Any CPU.Build.0 = Release|Any CPU
		{570EA108-33BF-4DA1-B41A-3AA608AC618F}.Debug|Any CPU.ActiveCfg = Debug|Any CPU
		{570EA108-33BF-4DA1-B41A-3AA608AC618F}.Debug|Any CPU.Build.0 = Debug|Any CPU
		{570EA108-33BF-4DA1-B41A-3AA608AC618F}.Release|Any CPU.ActiveCfg = Release|Any CPU
		{570EA108-33BF-4DA1-B41A-3AA608AC618F}.Release|Any CPU.Build.0 = Release|Any CPU
		{4461ABFB-F636-4588-BADA-7DA0A81FB23E}.Debug|Any CPU.ActiveCfg = Debug|Any CPU
		{4461ABFB-F636-4588-BADA-7DA0A81FB23E}.Debug|Any CPU.Build.0 = Debug|Any CPU
		{4461ABFB-F636-4588-BADA-7DA0A81FB23E}.Release|Any CPU.ActiveCfg = Release|Any CPU
		{4461ABFB-F636-4588-BADA-7DA0A81FB23E}.Release|Any CPU.Build.0 = Release|Any CPU
	EndGlobalSection
	GlobalSection(SolutionProperties) = preSolution
		HideSolutionNode = FALSE
	EndGlobalSection
	GlobalSection(ExtensibilityGlobals) = postSolution
		SolutionGuid = {A0B1FF93-4A5E-42C3-86C1-9C3981A3980C}
	EndGlobalSection
EndGlobal
